{
  "name": "test-component",
  "version": "1.0.0",
  "lockfileVersion": 1,
  "requires": true,
  "dependencies": {
    "calendar": {
      "version": "github:pithyone/calendar.js#25673850f452c6305bdf57dcf618ecde6ae2f84f",
      "from": "github:pithyone/calendar.js"
    },
    "lodash.findindex": {
      "version": "4.6.0",
      "resolved": "https://registry.npmjs.org/lodash.findindex/-/lodash.findindex-4.6.0.tgz",
      "integrity": "sha1-oyRd7mH7m24GJLU1ElYku2nBEQY="
    },
    "miniprogram-datepicker": {
      "version": "0.5.1",
      "resolved": "https://registry.npmjs.org/miniprogram-datepicker/-/miniprogram-datepicker-0.5.1.tgz",
      "integrity": "sha512-G0vYSTD9pQ+kaEodK1p9Q8PmSZUURnZLjyDbjFXgrIfbjprEEALPEw/y0EVCxPS4k58akDZVWm82koCu15YHdw==",
      "requires": {
        "calendar": "github:pithyone/calendar.js",
        "lodash.findindex": "^4.6.0"
      }
    },
    "wx-calendar-ui": {
      "version": "1.0.1",
      "resolved": "https://registry.npmjs.org/wx-calendar-ui/-/wx-calendar-ui-1.0.1.tgz",
      "integrity": "sha512-rOS9DZ8LYsupzvBbPo8ZrIG+A1OJj4mWH+NMTxIWLyne67CMrhsoyK8itr3XgJX7rmhotVB/+MdbJQX7VtQtMQ=="
    },
    "wx-daterange-picker": {
      "version": "1.0.0",
      "resolved": "https://registry.npmjs.org/wx-daterange-picker/-/wx-daterange-picker-1.0.0.tgz",
      "integrity": "sha512-F11dtMqRq54nL9SvSThXJPyTZQyId7ctG5nczESy2wPVVBc1Ii3YWSMm7MWyw1YrkZOZcgcxqOEQ0zk2dx2m1Q==",
      "requires": {
        "wx-calendar-ui": "^1.0.1"
      }
    }
  }
}
