# THIS IS AN AUTOGENERATED FILE. DO NOT EDIT THIS FILE DIRECTLY.
# yarn lockfile v1


wx-calendar-ui@^1.0.0:
  version "1.0.1"
  resolved "https://registry.yarnpkg.com/wx-calendar-ui/-/wx-calendar-ui-1.0.1.tgz#e8d13f06f2e7e151e082070214fce72bc723f723"
  integrity sha512-rOS9DZ8LYsupzvBbPo8ZrIG+A1OJj4mWH+NMTxIWLyne67CMrhsoyK8itr3XgJX7rmhotVB/+MdbJQX7VtQtMQ==
